
Microsoft Visual Studio Solution File, Format Version 12.00
# Visual Studio Version 17
VisualStudioVersion = 17.5.33424.131
MinimumVisualStudioVersion = 10.0.40219.1
Project("{FAE04EC0-301F-11D3-BF4B-00C04F79EFBC}") = "classi_creazione", "classi_creazione\classi_creazione.csproj", "{45ADD958-30CF-4049-A69B-6B321CECDE16}"
EndProject
Global
	GlobalSection(SolutionConfigurationPlatforms) = preSolution
		Debug|Any CPU = Debug|Any CPU
		Release|Any CPU = Release|Any CPU
	EndGlobalSection
	GlobalSection(ProjectConfigurationPlatforms) = postSolution
		{45ADD958-30CF-4049-A69B-6B321CECDE16}.Debug|Any CPU.ActiveCfg = Debug|Any CPU
		{45ADD958-30CF-4049-A69B-6B321CECDE16}.Debug|Any CPU.Build.0 = Debug|Any CPU
		{45ADD958-30CF-4049-A69B-6B321CECDE16}.Release|Any CPU.ActiveCfg = Release|Any CPU
		{45ADD958-30CF-4049-A69B-6B321CECDE16}.Release|Any CPU.Build.0 = Release|Any CPU
	EndGlobalSection
	GlobalSection(SolutionProperties) = preSolution
		HideSolutionNode = FALSE
	EndGlobalSection
	GlobalSection(ExtensibilityGlobals) = postSolution
		SolutionGuid = {639BCB25-8BBD-4521-B3C0-B8209CDD91B8}
	EndGlobalSection
EndGlobal
