
Microsoft Visual Studio Solution File, Format Version 12.00
# Visual Studio Version 17
VisualStudioVersion = 17.5.33424.131
MinimumVisualStudioVersion = 10.0.40219.1
Project("{FAE04EC0-301F-11D3-BF4B-00C04F79EFBC}") = "cicli", "cicli\cicli.csproj", "{1AF5AE4C-4D04-4EE2-9763-DC63F4E90B33}"
EndProject
Project("{FAE04EC0-301F-11D3-BF4B-00C04F79EFBC}") = "triangolo", "triangolo\triangolo.csproj", "{E545E59E-2577-4781-A6C3-CB4D5329ADF3}"
EndProject
Project("{FAE04EC0-301F-11D3-BF4B-00C04F79EFBC}") = "triangoloDx", "triangoloDx\triangoloDx.csproj", "{38EEA191-33C7-4C6C-A59B-8E8EB9236CC1}"
EndProject
Global
	GlobalSection(SolutionConfigurationPlatforms) = preSolution
		Debug|Any CPU = Debug|Any CPU
		Release|Any CPU = Release|Any CPU
	EndGlobalSection
	GlobalSection(ProjectConfigurationPlatforms) = postSolution
		{1AF5AE4C-4D04-4EE2-9763-DC63F4E90B33}.Debug|Any CPU.ActiveCfg = Debug|Any CPU
		{1AF5AE4C-4D04-4EE2-9763-DC63F4E90B33}.Debug|Any CPU.Build.0 = Debug|Any CPU
		{1AF5AE4C-4D04-4EE2-9763-DC63F4E90B33}.Release|Any CPU.ActiveCfg = Release|Any CPU
		{1AF5AE4C-4D04-4EE2-9763-DC63F4E90B33}.Release|Any CPU.Build.0 = Release|Any CPU
		{E545E59E-2577-4781-A6C3-CB4D5329ADF3}.Debug|Any CPU.ActiveCfg = Debug|Any CPU
		{E545E59E-2577-4781-A6C3-CB4D5329ADF3}.Debug|Any CPU.Build.0 = Debug|Any CPU
		{E545E59E-2577-4781-A6C3-CB4D5329ADF3}.Release|Any CPU.ActiveCfg = Release|Any CPU
		{E545E59E-2577-4781-A6C3-CB4D5329ADF3}.Release|Any CPU.Build.0 = Release|Any CPU
		{38EEA191-33C7-4C6C-A59B-8E8EB9236CC1}.Debug|Any CPU.ActiveCfg = Debug|Any CPU
		{38EEA191-33C7-4C6C-A59B-8E8EB9236CC1}.Debug|Any CPU.Build.0 = Debug|Any CPU
		{38EEA191-33C7-4C6C-A59B-8E8EB9236CC1}.Release|Any CPU.ActiveCfg = Release|Any CPU
		{38EEA191-33C7-4C6C-A59B-8E8EB9236CC1}.Release|Any CPU.Build.0 = Release|Any CPU
	EndGlobalSection
	GlobalSection(SolutionProperties) = preSolution
		HideSolutionNode = FALSE
	EndGlobalSection
	GlobalSection(ExtensibilityGlobals) = postSolution
		SolutionGuid = {89BD02FA-268F-4100-978E-731D101BFB84}
	EndGlobalSection
EndGlobal
